<Solution>
  <Configurations>
    <Platform Name="x64" />
  </Configurations>
  <Folder Name="/Solution Items/">
    <File Path="CoffeePOSv1/Brewdesk_dashboard.qml" />
    <File Path="CoffeePOSv1/Brewdesk_inventory.qml" />
    <File Path="CoffeePOSv1/Brewdesk_pos.qml" />
    <File Path="CoffeePOSv1/Brewdesk_products.qml" />
    <File Path="CoffeePOSv1/Brewdesk_reports.qml" />
    <File Path="CoffeePOSv1/Brewdesk_settings.qml" />
    <File Path="CoffeePOSv1/Brewdesk_suppliers.qml" />
    <File Path="CoffeePOSv1/Brewdesk_transactions.qml" />
  </Folder>
  <Project Path="CoffeePOSv1/CoffeePOSv1.vcxproj" Id="79b08cad-94f8-4933-b2b2-d1501e32c6af" />
</Solution>
